
Microsoft Visual Studio Solution File, Format Version 11.00
# Visual Studio 2010
Project("{F184B08F-C81C-45F6-A57F-5ABD9991F28F}") = "LineTrigger", "LineTrigger_vs2010.vbproj", "{36C01F72-338A-42A2-A59B-4F8B70FED386}"
EndProject
Global
	GlobalSection(SolutionConfigurationPlatforms) = preSolution
		Debug|x86 = Debug|x86
		Release|x86 = Release|x86
	EndGlobalSection
	GlobalSection(ProjectConfigurationPlatforms) = postSolution
		{36C01F72-338A-42A2-A59B-4F8B70FED386}.Debug|x86.ActiveCfg = Debug|x86
		{36C01F72-338A-42A2-A59B-4F8B70FED386}.Debug|x86.Build.0 = Debug|x86
		{36C01F72-338A-42A2-A59B-4F8B70FED386}.Release|x86.ActiveCfg = Release|x86
		{36C01F72-338A-42A2-A59B-4F8B70FED386}.Release|x86.Build.0 = Release|x86
	EndGlobalSection
	GlobalSection(SolutionProperties) = preSolution
		HideSolutionNode = FALSE
	EndGlobalSection
EndGlobal
